
Microsoft Visual Studio Solution File, Format Version 12.00
# Visual Studio Version 16
VisualStudioVersion = 16.0.29503.13
MinimumVisualStudioVersion = 10.0.40219.1
Project("{FAE04EC0-301F-11D3-BF4B-00C04F79EFBC}") = "Analogy.DataProviders.Extensions", "Analogy.DataProviders.Extensions\Analogy.DataProviders.Extensions.csproj", "{6BD87188-5D8D-42A9-8904-B59976984483}"
EndProject
Project("{FAE04EC0-301F-11D3-BF4B-00C04F79EFBC}") = "Analogy.DataProviders.Extensions.UnitTests", "Analogy.DataProviders.Extensions.UnitTests\Analogy.DataProviders.Extensions.UnitTests.csproj", "{B8DBC878-8544-49A0-9D0B-383ABA38665D}"
EndProject
Global
	GlobalSection(SolutionConfigurationPlatforms) = preSolution
		Debug|Any CPU = Debug|Any CPU
		Release|Any CPU = Release|Any CPU
	EndGlobalSection
	GlobalSection(ProjectConfigurationPlatforms) = postSolution
		{6BD87188-5D8D-42A9-8904-B59976984483}.Debug|Any CPU.ActiveCfg = Debug|Any CPU
		{6BD87188-5D8D-42A9-8904-B59976984483}.Debug|Any CPU.Build.0 = Debug|Any CPU
		{6BD87188-5D8D-42A9-8904-B59976984483}.Release|Any CPU.ActiveCfg = Release|Any CPU
		{6BD87188-5D8D-42A9-8904-B59976984483}.Release|Any CPU.Build.0 = Release|Any CPU
		{B8DBC878-8544-49A0-9D0B-383ABA38665D}.Debug|Any CPU.ActiveCfg = Debug|Any CPU
		{B8DBC878-8544-49A0-9D0B-383ABA38665D}.Debug|Any CPU.Build.0 = Debug|Any CPU
		{B8DBC878-8544-49A0-9D0B-383ABA38665D}.Release|Any CPU.ActiveCfg = Release|Any CPU
		{B8DBC878-8544-49A0-9D0B-383ABA38665D}.Release|Any CPU.Build.0 = Release|Any CPU
	EndGlobalSection
	GlobalSection(SolutionProperties) = preSolution
		HideSolutionNode = FALSE
	EndGlobalSection
	GlobalSection(ExtensibilityGlobals) = postSolution
		SolutionGuid = {732BFD3F-57CB-48B2-82C1-4DA10576184A}
	EndGlobalSection
EndGlobal
