
Microsoft Visual Studio Solution File, Format Version 12.00
# Visual Studio Version 16
VisualStudioVersion = 16.0.29503.13
MinimumVisualStudioVersion = 10.0.40219.1
Project("{9A19103F-16F7-4668-BE54-9A1E7A4F7556}") = "Analogy.DataProviders.Extensions.UnitTests", "Analogy.DataProviders.Extensions.UnitTests\Analogy.DataProviders.Extensions.UnitTests.csproj", "{B8DBC878-8544-49A0-9D0B-383ABA38665D}"
EndProject
Project("{9A19103F-16F7-4668-BE54-9A1E7A4F7556}") = "Analogy.DataProviders.Extensions", "Analogy.DataProviders.Extensions\Analogy.DataProviders.Extensions.csproj", "{5E379C47-E36A-4A33-B7AF-5BAEC8CFD6C1}"
EndProject
Global
	GlobalSection(SolutionConfigurationPlatforms) = preSolution
		Debug|Any CPU = Debug|Any CPU
		Release|Any CPU = Release|Any CPU
	EndGlobalSection
	GlobalSection(ProjectConfigurationPlatforms) = postSolution
		{B8DBC878-8544-49A0-9D0B-383ABA38665D}.Debug|Any CPU.ActiveCfg = Debug|Any CPU
		{B8DBC878-8544-49A0-9D0B-383ABA38665D}.Debug|Any CPU.Build.0 = Debug|Any CPU
		{B8DBC878-8544-49A0-9D0B-383ABA38665D}.Release|Any CPU.ActiveCfg = Release|Any CPU
		{B8DBC878-8544-49A0-9D0B-383ABA38665D}.Release|Any CPU.Build.0 = Release|Any CPU
		{5E379C47-E36A-4A33-B7AF-5BAEC8CFD6C1}.Debug|Any CPU.ActiveCfg = Debug|Any CPU
		{5E379C47-E36A-4A33-B7AF-5BAEC8CFD6C1}.Debug|Any CPU.Build.0 = Debug|Any CPU
		{5E379C47-E36A-4A33-B7AF-5BAEC8CFD6C1}.Release|Any CPU.ActiveCfg = Release|Any CPU
		{5E379C47-E36A-4A33-B7AF-5BAEC8CFD6C1}.Release|Any CPU.Build.0 = Release|Any CPU
	EndGlobalSection
	GlobalSection(SolutionProperties) = preSolution
		HideSolutionNode = FALSE
	EndGlobalSection
	GlobalSection(ExtensibilityGlobals) = postSolution
		SolutionGuid = {732BFD3F-57CB-48B2-82C1-4DA10576184A}
	EndGlobalSection
EndGlobal
